
Microsoft Visual Studio Solution File, Format Version 12.00
# Visual Studio 15
VisualStudioVersion = 15.0.27130.2010
MinimumVisualStudioVersion = 10.0.40219.1
Project("{FAE04EC0-301F-11D3-BF4B-00C04F79EFBC}") = "Lab10", "Lab10\Lab10.csproj", "{0044CB39-DA0B-4ACA-9C51-C2C2310B719B}"
EndProject
Global
	GlobalSection(SolutionConfigurationPlatforms) = preSolution
		Debug|Any CPU = Debug|Any CPU
		Release|Any CPU = Release|Any CPU
	EndGlobalSection
	GlobalSection(ProjectConfigurationPlatforms) = postSolution
		{0044CB39-DA0B-4ACA-9C51-C2C2310B719B}.Debug|Any CPU.ActiveCfg = Debug|Any CPU
		{0044CB39-DA0B-4ACA-9C51-C2C2310B719B}.Debug|Any CPU.Build.0 = Debug|Any CPU
		{0044CB39-DA0B-4ACA-9C51-C2C2310B719B}.Release|Any CPU.ActiveCfg = Release|Any CPU
		{0044CB39-DA0B-4ACA-9C51-C2C2310B719B}.Release|Any CPU.Build.0 = Release|Any CPU
	EndGlobalSection
	GlobalSection(SolutionProperties) = preSolution
		HideSolutionNode = FALSE
	EndGlobalSection
	GlobalSection(ExtensibilityGlobals) = postSolution
		SolutionGuid = {78717A68-2696-4BC9-B4DA-76B75E31FD0C}
	EndGlobalSection
EndGlobal
